// !$*UTF8*$!
{
	archiveVersion = 1;
	classes = {
	};
	objectVersion = 52;
	objects = {

/* Begin PBXBuildFile section */
		1B0C077525F8398F00ABFA8D /* StockViewCell.swift in Sources */ = {isa = PBXBuildFile; fileRef = 1B0C077325F8398F00ABFA8D /* StockViewCell.swift */; };
		1B0C077925F848BF00ABFA8D /* UIColor_hex.swift in Sources */ = {isa = PBXBuildFile; fileRef = 1B0C077825F848BF00ABFA8D /* UIColor_hex.swift */; };
		1B0C077D25F912B300ABFA8D /* MainPresenter.swift in Sources */ = {isa = PBXBuildFile; fileRef = 1B0C077C25F912B200ABFA8D /* MainPresenter.swift */; };
		1B16A2ED2602551B00063BE0 /* MainModule.storyboard in Resources */ = {isa = PBXBuildFile; fileRef = 1B16A2EC2602551B00063BE0 /* MainModule.storyboard */; };
		1B16A2F02602A18600063BE0 /* DetailModule1.storyboard in Resources */ = {isa = PBXBuildFile; fileRef = 1B16A2EF2602A18600063BE0 /* DetailModule1.storyboard */; };
		1B16A2F62602B21D00063BE0 /* Charts in Frameworks */ = {isa = PBXBuildFile; productRef = 1B16A2F52602B21D00063BE0 /* Charts */; };
		1B16A32B2602CB0100063BE0 /* DayInfo.swift in Sources */ = {isa = PBXBuildFile; fileRef = 1B16A32A2602CB0100063BE0 /* DayInfo.swift */; };
		1B16A3302602CD5500063BE0 /* TinyConstraints in Frameworks */ = {isa = PBXBuildFile; productRef = 1B16A32F2602CD5500063BE0 /* TinyConstraints */; };
		1B16A3332602CDDC00063BE0 /* DetailPresenter.swift in Sources */ = {isa = PBXBuildFile; fileRef = 1B16A3322602CDDC00063BE0 /* DetailPresenter.swift */; };
		1B16A3362602CF9D00063BE0 /* DetailViewController.swift in Sources */ = {isa = PBXBuildFile; fileRef = 1B16A3352602CF9D00063BE0 /* DetailViewController.swift */; };
		1B1B94752607667000C0B142 /* Parchment in Frameworks */ = {isa = PBXBuildFile; productRef = 1B1B94742607667000C0B142 /* Parchment */; };
		1B1B947926076DB000C0B142 /* MainViewPresenterProtocol.swift in Sources */ = {isa = PBXBuildFile; fileRef = 1B1B947826076DB000C0B142 /* MainViewPresenterProtocol.swift */; };
		1B1B947C26076DF000C0B142 /* MainViewProtocol.swift in Sources */ = {isa = PBXBuildFile; fileRef = 1B1B947B26076DF000C0B142 /* MainViewProtocol.swift */; };
		1B201EA225FA712C004F29F4 /* Main.storyboard in Resources */ = {isa = PBXBuildFile; fileRef = 1B201EA125FA712C004F29F4 /* Main.storyboard */; };
		1B26FDCE25F82F2A00C78C47 /* MainViewController.swift in Sources */ = {isa = PBXBuildFile; fileRef = 1B26FDCD25F82F2A00C78C47 /* MainViewController.swift */; };
		1B26FDD125F8303300C78C47 /* ModuleBuilder.swift in Sources */ = {isa = PBXBuildFile; fileRef = 1B26FDD025F8303300C78C47 /* ModuleBuilder.swift */; };
		1B512AB225FC169500782F95 /* ImageInfo.swift in Sources */ = {isa = PBXBuildFile; fileRef = 1B512AB125FC169500782F95 /* ImageInfo.swift */; };
		1B7E5FB226039637009A0E42 /* Quote.swift in Sources */ = {isa = PBXBuildFile; fileRef = 1B7E5FB126039637009A0E42 /* Quote.swift */; };
		1BDCE25526079DA900A00318 /* DetailModule.storyboard in Resources */ = {isa = PBXBuildFile; fileRef = 1BDCE25426079DA900A00318 /* DetailModule.storyboard */; };
		1BDCE25A26079F8600A00318 /* ChartViewController.swift in Sources */ = {isa = PBXBuildFile; fileRef = 1BDCE25926079F8600A00318 /* ChartViewController.swift */; };
		1BDCE25F2607A7A100A00318 /* Chart.storyboard in Resources */ = {isa = PBXBuildFile; fileRef = 1BDCE25E2607A7A100A00318 /* Chart.storyboard */; };
		1BDCE2652607A96900A00318 /* Summary.storyboard in Resources */ = {isa = PBXBuildFile; fileRef = 1BDCE2642607A96900A00318 /* Summary.storyboard */; };
		1BDCE26B2607AADE00A00318 /* SummaryPresenter.swift in Sources */ = {isa = PBXBuildFile; fileRef = 1BDCE26A2607AADE00A00318 /* SummaryPresenter.swift */; };
		1BDCE26E2607AE0A00A00318 /* NetworkServiceProtocol.swift in Sources */ = {isa = PBXBuildFile; fileRef = 1BDCE26D2607AE0A00A00318 /* NetworkServiceProtocol.swift */; };
		1BDCE2712607B97C00A00318 /* AlertExtension.swift in Sources */ = {isa = PBXBuildFile; fileRef = 1BDCE2702607B97C00A00318 /* AlertExtension.swift */; };
		1BDCE2742607C3A500A00318 /* SummaryTableViewController.swift in Sources */ = {isa = PBXBuildFile; fileRef = 1BDCE2732607C3A500A00318 /* SummaryTableViewController.swift */; };
		1BEC9CBD25EEF4E0002998B6 /* AppDelegate.swift in Sources */ = {isa = PBXBuildFile; fileRef = 1BEC9CBC25EEF4E0002998B6 /* AppDelegate.swift */; };
		1BEC9CBF25EEF4E0002998B6 /* SceneDelegate.swift in Sources */ = {isa = PBXBuildFile; fileRef = 1BEC9CBE25EEF4E0002998B6 /* SceneDelegate.swift */; };
		1BEC9CC625EEF4E5002998B6 /* Assets.xcassets in Resources */ = {isa = PBXBuildFile; fileRef = 1BEC9CC525EEF4E5002998B6 /* Assets.xcassets */; };
		1BEC9CC925EEF4E5002998B6 /* LaunchScreen.storyboard in Resources */ = {isa = PBXBuildFile; fileRef = 1BEC9CC725EEF4E5002998B6 /* LaunchScreen.storyboard */; };
		1BEC9CD425EEF585002998B6 /* NetworkService.swift in Sources */ = {isa = PBXBuildFile; fileRef = 1BEC9CD325EEF585002998B6 /* NetworkService.swift */; };
		1BEC9CE025F02993002998B6 /* SessionError.swift in Sources */ = {isa = PBXBuildFile; fileRef = 1BEC9CDF25F02993002998B6 /* SessionError.swift */; };
		1BEC9CE325F036B9002998B6 /* StockInfo.swift in Sources */ = {isa = PBXBuildFile; fileRef = 1BEC9CE225F036B9002998B6 /* StockInfo.swift */; };
		1BF1E29A2607829F00B17C57 /* ChartPresenter.swift in Sources */ = {isa = PBXBuildFile; fileRef = 1BF1E2992607829F00B17C57 /* ChartPresenter.swift */; };
/* End PBXBuildFile section */

/* Begin PBXFileReference section */
		1B0C077325F8398F00ABFA8D /* StockViewCell.swift */ = {isa = PBXFileReference; lastKnownFileType = sourcecode.swift; path = StockViewCell.swift; sourceTree = "<group>"; };
		1B0C077825F848BF00ABFA8D /* UIColor_hex.swift */ = {isa = PBXFileReference; fileEncoding = 4; lastKnownFileType = sourcecode.swift; name = UIColor_hex.swift; path = ../../../../Downloads/UIColor_hex.swift; sourceTree = "<group>"; };
		1B0C077C25F912B200ABFA8D /* MainPresenter.swift */ = {isa = PBXFileReference; lastKnownFileType = sourcecode.swift; path = MainPresenter.swift; sourceTree = "<group>"; };
		1B16A2EC2602551B00063BE0 /* MainModule.storyboard */ = {isa = PBXFileReference; lastKnownFileType = file.storyboard; path = MainModule.storyboard; sourceTree = "<group>"; };
		1B16A2EF2602A18600063BE0 /* DetailModule1.storyboard */ = {isa = PBXFileReference; lastKnownFileType = file.storyboard; path = DetailModule1.storyboard; sourceTree = "<group>"; };
		1B16A32A2602CB0100063BE0 /* DayInfo.swift */ = {isa = PBXFileReference; lastKnownFileType = sourcecode.swift; path = DayInfo.swift; sourceTree = "<group>"; };
		1B16A3322602CDDC00063BE0 /* DetailPresenter.swift */ = {isa = PBXFileReference; lastKnownFileType = sourcecode.swift; path = DetailPresenter.swift; sourceTree = "<group>"; };
		1B16A3352602CF9D00063BE0 /* DetailViewController.swift */ = {isa = PBXFileReference; lastKnownFileType = sourcecode.swift; path = DetailViewController.swift; sourceTree = "<group>"; };
		1B1B947826076DB000C0B142 /* MainViewPresenterProtocol.swift */ = {isa = PBXFileReference; lastKnownFileType = sourcecode.swift; path = MainViewPresenterProtocol.swift; sourceTree = "<group>"; };
		1B1B947B26076DF000C0B142 /* MainViewProtocol.swift */ = {isa = PBXFileReference; lastKnownFileType = sourcecode.swift; path = MainViewProtocol.swift; sourceTree = "<group>"; };
		1B201EA125FA712C004F29F4 /* Main.storyboard */ = {isa = PBXFileReference; lastKnownFileType = file.storyboard; path = Main.storyboard; sourceTree = "<group>"; };
		1B26FDCD25F82F2A00C78C47 /* MainViewController.swift */ = {isa = PBXFileReference; lastKnownFileType = sourcecode.swift; path = MainViewController.swift; sourceTree = "<group>"; };
		1B26FDD025F8303300C78C47 /* ModuleBuilder.swift */ = {isa = PBXFileReference; lastKnownFileType = sourcecode.swift; path = ModuleBuilder.swift; sourceTree = "<group>"; };
		1B512AB125FC169500782F95 /* ImageInfo.swift */ = {isa = PBXFileReference; lastKnownFileType = sourcecode.swift; path = ImageInfo.swift; sourceTree = "<group>"; };
		1B7E5FB126039637009A0E42 /* Quote.swift */ = {isa = PBXFileReference; lastKnownFileType = sourcecode.swift; path = Quote.swift; sourceTree = "<group>"; };
		1BDCE25426079DA900A00318 /* DetailModule.storyboard */ = {isa = PBXFileReference; lastKnownFileType = file.storyboard; path = DetailModule.storyboard; sourceTree = "<group>"; };
		1BDCE25926079F8600A00318 /* ChartViewController.swift */ = {isa = PBXFileReference; lastKnownFileType = sourcecode.swift; path = ChartViewController.swift; sourceTree = "<group>"; };
		1BDCE25E2607A7A100A00318 /* Chart.storyboard */ = {isa = PBXFileReference; lastKnownFileType = file.storyboard; path = Chart.storyboard; sourceTree = "<group>"; };
		1BDCE2642607A96900A00318 /* Summary.storyboard */ = {isa = PBXFileReference; lastKnownFileType = file.storyboard; path = Summary.storyboard; sourceTree = "<group>"; };
		1BDCE26A2607AADE00A00318 /* SummaryPresenter.swift */ = {isa = PBXFileReference; lastKnownFileType = sourcecode.swift; path = SummaryPresenter.swift; sourceTree = "<group>"; };
		1BDCE26D2607AE0A00A00318 /* NetworkServiceProtocol.swift */ = {isa = PBXFileReference; lastKnownFileType = sourcecode.swift; path = NetworkServiceProtocol.swift; sourceTree = "<group>"; };
		1BDCE2702607B97C00A00318 /* AlertExtension.swift */ = {isa = PBXFileReference; lastKnownFileType = sourcecode.swift; path = AlertExtension.swift; sourceTree = "<group>"; };
		1BDCE2732607C3A500A00318 /* SummaryTableViewController.swift */ = {isa = PBXFileReference; lastKnownFileType = sourcecode.swift; path = SummaryTableViewController.swift; sourceTree = "<group>"; };
		1BEC9CB925EEF4E0002998B6 /* Yandex Investments.app */ = {isa = PBXFileReference; explicitFileType = wrapper.application; includeInIndex = 0; path = "Yandex Investments.app"; sourceTree = BUILT_PRODUCTS_DIR; };
		1BEC9CBC25EEF4E0002998B6 /* AppDelegate.swift */ = {isa = PBXFileReference; lastKnownFileType = sourcecode.swift; path = AppDelegate.swift; sourceTree = "<group>"; };
		1BEC9CBE25EEF4E0002998B6 /* SceneDelegate.swift */ = {isa = PBXFileReference; lastKnownFileType = sourcecode.swift; path = SceneDelegate.swift; sourceTree = "<group>"; };
		1BEC9CC525EEF4E5002998B6 /* Assets.xcassets */ = {isa = PBXFileReference; lastKnownFileType = folder.assetcatalog; path = Assets.xcassets; sourceTree = "<group>"; };
		1BEC9CC825EEF4E5002998B6 /* Base */ = {isa = PBXFileReference; lastKnownFileType = file.storyboard; name = Base; path = Base.lproj/LaunchScreen.storyboard; sourceTree = "<group>"; };
		1BEC9CCA25EEF4E5002998B6 /* Info.plist */ = {isa = PBXFileReference; lastKnownFileType = text.plist.xml; path = Info.plist; sourceTree = "<group>"; };
		1BEC9CD325EEF585002998B6 /* NetworkService.swift */ = {isa = PBXFileReference; lastKnownFileType = sourcecode.swift; path = NetworkService.swift; sourceTree = "<group>"; };
		1BEC9CDF25F02993002998B6 /* SessionError.swift */ = {isa = PBXFileReference; lastKnownFileType = sourcecode.swift; path = SessionError.swift; sourceTree = "<group>"; };
		1BEC9CE225F036B9002998B6 /* StockInfo.swift */ = {isa = PBXFileReference; lastKnownFileType = sourcecode.swift; path = StockInfo.swift; sourceTree = "<group>"; };
		1BF1E2992607829F00B17C57 /* ChartPresenter.swift */ = {isa = PBXFileReference; lastKnownFileType = sourcecode.swift; path = ChartPresenter.swift; sourceTree = "<group>"; };
/* End PBXFileReference section */

/* Begin PBXFrameworksBuildPhase section */
		1BEC9CB625EEF4E0002998B6 /* Frameworks */ = {
			isa = PBXFrameworksBuildPhase;
			buildActionMask = 2147483647;
			files = (
				1B1B94752607667000C0B142 /* Parchment in Frameworks */,
				1B16A2F62602B21D00063BE0 /* Charts in Frameworks */,
				1B16A3302602CD5500063BE0 /* TinyConstraints in Frameworks */,
			);
			runOnlyForDeploymentPostprocessing = 0;
		};
/* End PBXFrameworksBuildPhase section */

/* Begin PBXGroup section */
		1B1B947726076D9A00C0B142 /* Protocols */ = {
			isa = PBXGroup;
			children = (
				1B1B947826076DB000C0B142 /* MainViewPresenterProtocol.swift */,
				1B1B947B26076DF000C0B142 /* MainViewProtocol.swift */,
			);
			path = Protocols;
			sourceTree = "<group>";
		};
		1B26FDD325F8332A00C78C47 /* Model */ = {
			isa = PBXGroup;
			children = (
				1BEC9CE225F036B9002998B6 /* StockInfo.swift */,
				1B512AB125FC169500782F95 /* ImageInfo.swift */,
				1B16A32A2602CB0100063BE0 /* DayInfo.swift */,
				1B7E5FB126039637009A0E42 /* Quote.swift */,
			);
			path = Model;
			sourceTree = "<group>";
		};
		1BDCE2612607A93900A00318 /* SummaryModule */ = {
			isa = PBXGroup;
			children = (
				1BDCE2632607A94D00A00318 /* Presenter */,
				1BDCE2622607A94200A00318 /* View */,
			);
			path = SummaryModule;
			sourceTree = "<group>";
		};
		1BDCE2622607A94200A00318 /* View */ = {
			isa = PBXGroup;
			children = (
				1BDCE2642607A96900A00318 /* Summary.storyboard */,
				1BDCE2732607C3A500A00318 /* SummaryTableViewController.swift */,
			);
			path = View;
			sourceTree = "<group>";
		};
		1BDCE2632607A94D00A00318 /* Presenter */ = {
			isa = PBXGroup;
			children = (
				1BDCE26A2607AADE00A00318 /* SummaryPresenter.swift */,
			);
			path = Presenter;
			sourceTree = "<group>";
		};
		1BEC9CB025EEF4E0002998B6 = {
			isa = PBXGroup;
			children = (
				1BEC9CBB25EEF4E0002998B6 /* Yandex Investments */,
				1BEC9CBA25EEF4E0002998B6 /* Products */,
			);
			sourceTree = "<group>";
		};
		1BEC9CBA25EEF4E0002998B6 /* Products */ = {
			isa = PBXGroup;
			children = (
				1BEC9CB925EEF4E0002998B6 /* Yandex Investments.app */,
			);
			name = Products;
			sourceTree = "<group>";
		};
		1BEC9CBB25EEF4E0002998B6 /* Yandex Investments */ = {
			isa = PBXGroup;
			children = (
				1B26FDD025F8303300C78C47 /* ModuleBuilder.swift */,
				1BEC9CE625F0406A002998B6 /* MainModule */,
				1BEC9CE925F040B1002998B6 /* DetailModule */,
				1B26FDD325F8332A00C78C47 /* Model */,
				1BEC9CDA25EEF5E7002998B6 /* Protocols */,
				1BEC9CD225EEF545002998B6 /* Services */,
				1BEC9CD825EEF5B0002998B6 /* AppDelegates */,
				1BEC9CD725EEF59F002998B6 /* Storyboards */,
				1BEC9CC525EEF4E5002998B6 /* Assets.xcassets */,
				1BEC9CCA25EEF4E5002998B6 /* Info.plist */,
				1B0C077825F848BF00ABFA8D /* UIColor_hex.swift */,
			);
			path = "Yandex Investments";
			sourceTree = "<group>";
		};
		1BEC9CD225EEF545002998B6 /* Services */ = {
			isa = PBXGroup;
			children = (
				1BEC9CD325EEF585002998B6 /* NetworkService.swift */,
				1BEC9CDF25F02993002998B6 /* SessionError.swift */,
				1BDCE26D2607AE0A00A00318 /* NetworkServiceProtocol.swift */,
				1BDCE2702607B97C00A00318 /* AlertExtension.swift */,
			);
			path = Services;
			sourceTree = "<group>";
		};
		1BEC9CD725EEF59F002998B6 /* Storyboards */ = {
			isa = PBXGroup;
			children = (
				1BEC9CC725EEF4E5002998B6 /* LaunchScreen.storyboard */,
				1B201EA125FA712C004F29F4 /* Main.storyboard */,
			);
			path = Storyboards;
			sourceTree = "<group>";
		};
		1BEC9CD825EEF5B0002998B6 /* AppDelegates */ = {
			isa = PBXGroup;
			children = (
				1BEC9CBC25EEF4E0002998B6 /* AppDelegate.swift */,
				1BEC9CBE25EEF4E0002998B6 /* SceneDelegate.swift */,
			);
			path = AppDelegates;
			sourceTree = "<group>";
		};
		1BEC9CDA25EEF5E7002998B6 /* Protocols */ = {
			isa = PBXGroup;
			children = (
			);
			path = Protocols;
			sourceTree = "<group>";
		};
		1BEC9CE625F0406A002998B6 /* MainModule */ = {
			isa = PBXGroup;
			children = (
				1B1B947726076D9A00C0B142 /* Protocols */,
				1BEC9CE825F0409A002998B6 /* View */,
				1BEC9CE725F04074002998B6 /* Presenter */,
			);
			path = MainModule;
			sourceTree = "<group>";
		};
		1BEC9CE725F04074002998B6 /* Presenter */ = {
			isa = PBXGroup;
			children = (
				1B0C077C25F912B200ABFA8D /* MainPresenter.swift */,
			);
			path = Presenter;
			sourceTree = "<group>";
		};
		1BEC9CE825F0409A002998B6 /* View */ = {
			isa = PBXGroup;
			children = (
				1B26FDCD25F82F2A00C78C47 /* MainViewController.swift */,
				1B0C077325F8398F00ABFA8D /* StockViewCell.swift */,
				1B16A2EC2602551B00063BE0 /* MainModule.storyboard */,
			);
			path = View;
			sourceTree = "<group>";
		};
		1BEC9CE925F040B1002998B6 /* DetailModule */ = {
			isa = PBXGroup;
			children = (
				1BDCE2612607A93900A00318 /* SummaryModule */,
				1BF1E29C2607830700B17C57 /* ChartModule */,
				1BEC9CEA25F040BD002998B6 /* View */,
				1BEC9CEB25F040C4002998B6 /* Presenter */,
			);
			path = DetailModule;
			sourceTree = "<group>";
		};
		1BEC9CEA25F040BD002998B6 /* View */ = {
			isa = PBXGroup;
			children = (
				1B16A2EF2602A18600063BE0 /* DetailModule1.storyboard */,
				1B16A3352602CF9D00063BE0 /* DetailViewController.swift */,
				1BDCE25426079DA900A00318 /* DetailModule.storyboard */,
			);
			path = View;
			sourceTree = "<group>";
		};
		1BEC9CEB25F040C4002998B6 /* Presenter */ = {
			isa = PBXGroup;
			children = (
				1B16A3322602CDDC00063BE0 /* DetailPresenter.swift */,
			);
			path = Presenter;
			sourceTree = "<group>";
		};
		1BF1E29C2607830700B17C57 /* ChartModule */ = {
			isa = PBXGroup;
			children = (
				1BF1E29E2607832600B17C57 /* View */,
				1BF1E29D2607831300B17C57 /* Presenter */,
			);
			path = ChartModule;
			sourceTree = "<group>";
		};
		1BF1E29D2607831300B17C57 /* Presenter */ = {
			isa = PBXGroup;
			children = (
				1BF1E2992607829F00B17C57 /* ChartPresenter.swift */,
			);
			path = Presenter;
			sourceTree = "<group>";
		};
		1BF1E29E2607832600B17C57 /* View */ = {
			isa = PBXGroup;
			children = (
				1BDCE25926079F8600A00318 /* ChartViewController.swift */,
				1BDCE25E2607A7A100A00318 /* Chart.storyboard */,
			);
			path = View;
			sourceTree = "<group>";
		};
/* End PBXGroup section */

/* Begin PBXNativeTarget section */
		1BEC9CB825EEF4E0002998B6 /* Yandex Investments */ = {
			isa = PBXNativeTarget;
			buildConfigurationList = 1BEC9CCD25EEF4E5002998B6 /* Build configuration list for PBXNativeTarget "Yandex Investments" */;
			buildPhases = (
				1BEC9CB525EEF4E0002998B6 /* Sources */,
				1BEC9CB625EEF4E0002998B6 /* Frameworks */,
				1BEC9CB725EEF4E0002998B6 /* Resources */,
			);
			buildRules = (
			);
			dependencies = (
			);
			name = "Yandex Investments";
			packageProductDependencies = (
				1B16A2F52602B21D00063BE0 /* Charts */,
				1B16A32F2602CD5500063BE0 /* TinyConstraints */,
				1B1B94742607667000C0B142 /* Parchment */,
			);
			productName = "Yandex Investments";
			productReference = 1BEC9CB925EEF4E0002998B6 /* Yandex Investments.app */;
			productType = "com.apple.product-type.application";
		};
/* End PBXNativeTarget section */

/* Begin PBXProject section */
		1BEC9CB125EEF4E0002998B6 /* Project object */ = {
			isa = PBXProject;
			attributes = {
				LastSwiftUpdateCheck = 1240;
				LastUpgradeCheck = 1240;
				TargetAttributes = {
					1BEC9CB825EEF4E0002998B6 = {
						CreatedOnToolsVersion = 12.4;
					};
				};
			};
			buildConfigurationList = 1BEC9CB425EEF4E0002998B6 /* Build configuration list for PBXProject "Yandex Investments" */;
			compatibilityVersion = "Xcode 9.3";
			developmentRegion = en;
			hasScannedForEncodings = 0;
			knownRegions = (
				en,
				Base,
			);
			mainGroup = 1BEC9CB025EEF4E0002998B6;
			packageReferences = (
				1B16A2F42602B21C00063BE0 /* XCRemoteSwiftPackageReference "Charts" */,
				1B16A32E2602CD5500063BE0 /* XCRemoteSwiftPackageReference "TinyConstraints" */,
				1B1B94732607667000C0B142 /* XCRemoteSwiftPackageReference "Parchment" */,
			);
			productRefGroup = 1BEC9CBA25EEF4E0002998B6 /* Products */;
			projectDirPath = "";
			projectRoot = "";
			targets = (
				1BEC9CB825EEF4E0002998B6 /* Yandex Investments */,
			);
		};
/* End PBXProject section */

/* Begin PBXResourcesBuildPhase section */
		1BEC9CB725EEF4E0002998B6 /* Resources */ = {
			isa = PBXResourcesBuildPhase;
			buildActionMask = 2147483647;
			files = (
				1BEC9CC925EEF4E5002998B6 /* LaunchScreen.storyboard in Resources */,
				1BDCE25F2607A7A100A00318 /* Chart.storyboard in Resources */,
				1B201EA225FA712C004F29F4 /* Main.storyboard in Resources */,
				1BEC9CC625EEF4E5002998B6 /* Assets.xcassets in Resources */,
				1B16A2ED2602551B00063BE0 /* MainModule.storyboard in Resources */,
				1BDCE25526079DA900A00318 /* DetailModule.storyboard in Resources */,
				1BDCE2652607A96900A00318 /* Summary.storyboard in Resources */,
				1B16A2F02602A18600063BE0 /* DetailModule1.storyboard in Resources */,
			);
			runOnlyForDeploymentPostprocessing = 0;
		};
/* End PBXResourcesBuildPhase section */

/* Begin PBXSourcesBuildPhase section */
		1BEC9CB525EEF4E0002998B6 /* Sources */ = {
			isa = PBXSourcesBuildPhase;
			buildActionMask = 2147483647;
			files = (
				1BF1E29A2607829F00B17C57 /* ChartPresenter.swift in Sources */,
				1BEC9CE325F036B9002998B6 /* StockInfo.swift in Sources */,
				1B1B947926076DB000C0B142 /* MainViewPresenterProtocol.swift in Sources */,
				1BDCE26B2607AADE00A00318 /* SummaryPresenter.swift in Sources */,
				1BEC9CBD25EEF4E0002998B6 /* AppDelegate.swift in Sources */,
				1B1B947C26076DF000C0B142 /* MainViewProtocol.swift in Sources */,
				1BDCE25A26079F8600A00318 /* ChartViewController.swift in Sources */,
				1BDCE26E2607AE0A00A00318 /* NetworkServiceProtocol.swift in Sources */,
				1B0C077925F848BF00ABFA8D /* UIColor_hex.swift in Sources */,
				1BEC9CD425EEF585002998B6 /* NetworkService.swift in Sources */,
				1BDCE2712607B97C00A00318 /* AlertExtension.swift in Sources */,
				1B26FDCE25F82F2A00C78C47 /* MainViewController.swift in Sources */,
				1B0C077D25F912B300ABFA8D /* MainPresenter.swift in Sources */,
				1B512AB225FC169500782F95 /* ImageInfo.swift in Sources */,
				1B26FDD125F8303300C78C47 /* ModuleBuilder.swift in Sources */,
				1B0C077525F8398F00ABFA8D /* StockViewCell.swift in Sources */,
				1B16A32B2602CB0100063BE0 /* DayInfo.swift in Sources */,
				1B16A3332602CDDC00063BE0 /* DetailPresenter.swift in Sources */,
				1BEC9CBF25EEF4E0002998B6 /* SceneDelegate.swift in Sources */,
				1BEC9CE025F02993002998B6 /* SessionError.swift in Sources */,
				1BDCE2742607C3A500A00318 /* SummaryTableViewController.swift in Sources */,
				1B7E5FB226039637009A0E42 /* Quote.swift in Sources */,
				1B16A3362602CF9D00063BE0 /* DetailViewController.swift in Sources */,
			);
			runOnlyForDeploymentPostprocessing = 0;
		};
/* End PBXSourcesBuildPhase section */

/* Begin PBXVariantGroup section */
		1BEC9CC725EEF4E5002998B6 /* LaunchScreen.storyboard */ = {
			isa = PBXVariantGroup;
			children = (
				1BEC9CC825EEF4E5002998B6 /* Base */,
			);
			name = LaunchScreen.storyboard;
			sourceTree = "<group>";
		};
/* End PBXVariantGroup section */

/* Begin XCBuildConfiguration section */
		1BEC9CCB25EEF4E5002998B6 /* Debug */ = {
			isa = XCBuildConfiguration;
			buildSettings = {
				ALWAYS_SEARCH_USER_PATHS = NO;
				CLANG_ANALYZER_NONNULL = YES;
				CLANG_ANALYZER_NUMBER_OBJECT_CONVERSION = YES_AGGRESSIVE;
				CLANG_CXX_LANGUAGE_STANDARD = "gnu++14";
				CLANG_CXX_LIBRARY = "libc++";
				CLANG_ENABLE_MODULES = YES;
				CLANG_ENABLE_OBJC_ARC = YES;
				CLANG_ENABLE_OBJC_WEAK = YES;
				CLANG_WARN_BLOCK_CAPTURE_AUTORELEASING = YES;
				CLANG_WARN_BOOL_CONVERSION = YES;
				CLANG_WARN_COMMA = YES;
				CLANG_WARN_CONSTANT_CONVERSION = YES;
				CLANG_WARN_DEPRECATED_OBJC_IMPLEMENTATIONS = YES;
				CLANG_WARN_DIRECT_OBJC_ISA_USAGE = YES_ERROR;
				CLANG_WARN_DOCUMENTATION_COMMENTS = YES;
				CLANG_WARN_EMPTY_BODY = YES;
				CLANG_WARN_ENUM_CONVERSION = YES;
				CLANG_WARN_INFINITE_RECURSION = YES;
				CLANG_WARN_INT_CONVERSION = YES;
				CLANG_WARN_NON_LITERAL_NULL_CONVERSION = YES;
				CLANG_WARN_OBJC_IMPLICIT_RETAIN_SELF = YES;
				CLANG_WARN_OBJC_LITERAL_CONVERSION = YES;
				CLANG_WARN_OBJC_ROOT_CLASS = YES_ERROR;
				CLANG_WARN_QUOTED_INCLUDE_IN_FRAMEWORK_HEADER = YES;
				CLANG_WARN_RANGE_LOOP_ANALYSIS = YES;
				CLANG_WARN_STRICT_PROTOTYPES = YES;
				CLANG_WARN_SUSPICIOUS_MOVE = YES;
				CLANG_WARN_UNGUARDED_AVAILABILITY = YES_AGGRESSIVE;
				CLANG_WARN_UNREACHABLE_CODE = YES;
				CLANG_WARN__DUPLICATE_METHOD_MATCH = YES;
				COPY_PHASE_STRIP = NO;
				DEBUG_INFORMATION_FORMAT = dwarf;
				ENABLE_STRICT_OBJC_MSGSEND = YES;
				ENABLE_TESTABILITY = YES;
				GCC_C_LANGUAGE_STANDARD = gnu11;
				GCC_DYNAMIC_NO_PIC = NO;
				GCC_NO_COMMON_BLOCKS = YES;
				GCC_OPTIMIZATION_LEVEL = 0;
				GCC_PREPROCESSOR_DEFINITIONS = (
					"DEBUG=1",
					"$(inherited)",
				);
				GCC_WARN_64_TO_32_BIT_CONVERSION = YES;
				GCC_WARN_ABOUT_RETURN_TYPE = YES_ERROR;
				GCC_WARN_UNDECLARED_SELECTOR = YES;
				GCC_WARN_UNINITIALIZED_AUTOS = YES_AGGRESSIVE;
				GCC_WARN_UNUSED_FUNCTION = YES;
				GCC_WARN_UNUSED_VARIABLE = YES;
				IPHONEOS_DEPLOYMENT_TARGET = 14.4;
				MTL_ENABLE_DEBUG_INFO = INCLUDE_SOURCE;
				MTL_FAST_MATH = YES;
				ONLY_ACTIVE_ARCH = YES;
				SDKROOT = iphoneos;
				SWIFT_ACTIVE_COMPILATION_CONDITIONS = DEBUG;
				SWIFT_OPTIMIZATION_LEVEL = "-Onone";
			};
			name = Debug;
		};
		1BEC9CCC25EEF4E5002998B6 /* Release */ = {
			isa = XCBuildConfiguration;
			buildSettings = {
				ALWAYS_SEARCH_USER_PATHS = NO;
				CLANG_ANALYZER_NONNULL = YES;
				CLANG_ANALYZER_NUMBER_OBJECT_CONVERSION = YES_AGGRESSIVE;
				CLANG_CXX_LANGUAGE_STANDARD = "gnu++14";
				CLANG_CXX_LIBRARY = "libc++";
				CLANG_ENABLE_MODULES = YES;
				CLANG_ENABLE_OBJC_ARC = YES;
				CLANG_ENABLE_OBJC_WEAK = YES;
				CLANG_WARN_BLOCK_CAPTURE_AUTORELEASING = YES;
				CLANG_WARN_BOOL_CONVERSION = YES;
				CLANG_WARN_COMMA = YES;
				CLANG_WARN_CONSTANT_CONVERSION = YES;
				CLANG_WARN_DEPRECATED_OBJC_IMPLEMENTATIONS = YES;
				CLANG_WARN_DIRECT_OBJC_ISA_USAGE = YES_ERROR;
				CLANG_WARN_DOCUMENTATION_COMMENTS = YES;
				CLANG_WARN_EMPTY_BODY = YES;
				CLANG_WARN_ENUM_CONVERSION = YES;
				CLANG_WARN_INFINITE_RECURSION = YES;
				CLANG_WARN_INT_CONVERSION = YES;
				CLANG_WARN_NON_LITERAL_NULL_CONVERSION = YES;
				CLANG_WARN_OBJC_IMPLICIT_RETAIN_SELF = YES;
				CLANG_WARN_OBJC_LITERAL_CONVERSION = YES;
				CLANG_WARN_OBJC_ROOT_CLASS = YES_ERROR;
				CLANG_WARN_QUOTED_INCLUDE_IN_FRAMEWORK_HEADER = YES;
				CLANG_WARN_RANGE_LOOP_ANALYSIS = YES;
				CLANG_WARN_STRICT_PROTOTYPES = YES;
				CLANG_WARN_SUSPICIOUS_MOVE = YES;
				CLANG_WARN_UNGUARDED_AVAILABILITY = YES_AGGRESSIVE;
				CLANG_WARN_UNREACHABLE_CODE = YES;
				CLANG_WARN__DUPLICATE_METHOD_MATCH = YES;
				COPY_PHASE_STRIP = NO;
				DEBUG_INFORMATION_FORMAT = "dwarf-with-dsym";
				ENABLE_NS_ASSERTIONS = NO;
				ENABLE_STRICT_OBJC_MSGSEND = YES;
				GCC_C_LANGUAGE_STANDARD = gnu11;
				GCC_NO_COMMON_BLOCKS = YES;
				GCC_WARN_64_TO_32_BIT_CONVERSION = YES;
				GCC_WARN_ABOUT_RETURN_TYPE = YES_ERROR;
				GCC_WARN_UNDECLARED_SELECTOR = YES;
				GCC_WARN_UNINITIALIZED_AUTOS = YES_AGGRESSIVE;
				GCC_WARN_UNUSED_FUNCTION = YES;
				GCC_WARN_UNUSED_VARIABLE = YES;
				IPHONEOS_DEPLOYMENT_TARGET = 14.4;
				MTL_ENABLE_DEBUG_INFO = NO;
				MTL_FAST_MATH = YES;
				SDKROOT = iphoneos;
				SWIFT_COMPILATION_MODE = wholemodule;
				SWIFT_OPTIMIZATION_LEVEL = "-O";
				VALIDATE_PRODUCT = YES;
			};
			name = Release;
		};
		1BEC9CCE25EEF4E5002998B6 /* Debug */ = {
			isa = XCBuildConfiguration;
			buildSettings = {
				ASSETCATALOG_COMPILER_APPICON_NAME = AppIcon;
				ASSETCATALOG_COMPILER_GLOBAL_ACCENT_COLOR_NAME = AccentColor;
				CODE_SIGN_STYLE = Automatic;
				DEVELOPMENT_TEAM = 3N5SU7Y3U3;
				INFOPLIST_FILE = "Yandex Investments/Info.plist";
				IPHONEOS_DEPLOYMENT_TARGET = 13.0;
				LD_RUNPATH_SEARCH_PATHS = (
					"$(inherited)",
					"@executable_path/Frameworks",
				);
				PRODUCT_BUNDLE_IDENTIFIER = "anfisa.Yandex-Investments";
				PRODUCT_NAME = "$(TARGET_NAME)";
				SWIFT_VERSION = 5.0;
				TARGETED_DEVICE_FAMILY = "1,2";
			};
			name = Debug;
		};
		1BEC9CCF25EEF4E5002998B6 /* Release */ = {
			isa = XCBuildConfiguration;
			buildSettings = {
				ASSETCATALOG_COMPILER_APPICON_NAME = AppIcon;
				ASSETCATALOG_COMPILER_GLOBAL_ACCENT_COLOR_NAME = AccentColor;
				CODE_SIGN_STYLE = Automatic;
				DEVELOPMENT_TEAM = 3N5SU7Y3U3;
				INFOPLIST_FILE = "Yandex Investments/Info.plist";
				IPHONEOS_DEPLOYMENT_TARGET = 13.0;
				LD_RUNPATH_SEARCH_PATHS = (
					"$(inherited)",
					"@executable_path/Frameworks",
				);
				PRODUCT_BUNDLE_IDENTIFIER = "anfisa.Yandex-Investments";
				PRODUCT_NAME = "$(TARGET_NAME)";
				SWIFT_VERSION = 5.0;
				TARGETED_DEVICE_FAMILY = "1,2";
			};
			name = Release;
		};
/* End XCBuildConfiguration section */

/* Begin XCConfigurationList section */
		1BEC9CB425EEF4E0002998B6 /* Build configuration list for PBXProject "Yandex Investments" */ = {
			isa = XCConfigurationList;
			buildConfigurations = (
				1BEC9CCB25EEF4E5002998B6 /* Debug */,
				1BEC9CCC25EEF4E5002998B6 /* Release */,
			);
			defaultConfigurationIsVisible = 0;
			defaultConfigurationName = Release;
		};
		1BEC9CCD25EEF4E5002998B6 /* Build configuration list for PBXNativeTarget "Yandex Investments" */ = {
			isa = XCConfigurationList;
			buildConfigurations = (
				1BEC9CCE25EEF4E5002998B6 /* Debug */,
				1BEC9CCF25EEF4E5002998B6 /* Release */,
			);
			defaultConfigurationIsVisible = 0;
			defaultConfigurationName = Release;
		};
/* End XCConfigurationList section */

/* Begin XCRemoteSwiftPackageReference section */
		1B16A2F42602B21C00063BE0 /* XCRemoteSwiftPackageReference "Charts" */ = {
			isa = XCRemoteSwiftPackageReference;
			repositoryURL = "https://github.com/danielgindi/Charts";
			requirement = {
				kind = upToNextMajorVersion;
				minimumVersion = 4.0.1;
			};
		};
		1B16A32E2602CD5500063BE0 /* XCRemoteSwiftPackageReference "TinyConstraints" */ = {
			isa = XCRemoteSwiftPackageReference;
			repositoryURL = "https://github.com/roberthein/TinyConstraints.git";
			requirement = {
				kind = upToNextMajorVersion;
				minimumVersion = 4.0.1;
			};
		};
		1B1B94732607667000C0B142 /* XCRemoteSwiftPackageReference "Parchment" */ = {
			isa = XCRemoteSwiftPackageReference;
			repositoryURL = "https://github.com/rechsteiner/Parchment";
			requirement = {
				kind = upToNextMajorVersion;
				minimumVersion = 3.0.1;
			};
		};
/* End XCRemoteSwiftPackageReference section */

/* Begin XCSwiftPackageProductDependency section */
		1B16A2F52602B21D00063BE0 /* Charts */ = {
			isa = XCSwiftPackageProductDependency;
			package = 1B16A2F42602B21C00063BE0 /* XCRemoteSwiftPackageReference "Charts" */;
			productName = Charts;
		};
		1B16A32F2602CD5500063BE0 /* TinyConstraints */ = {
			isa = XCSwiftPackageProductDependency;
			package = 1B16A32E2602CD5500063BE0 /* XCRemoteSwiftPackageReference "TinyConstraints" */;
			productName = TinyConstraints;
		};
		1B1B94742607667000C0B142 /* Parchment */ = {
			isa = XCSwiftPackageProductDependency;
			package = 1B1B94732607667000C0B142 /* XCRemoteSwiftPackageReference "Parchment" */;
			productName = Parchment;
		};
/* End XCSwiftPackageProductDependency section */
	};
	rootObject = 1BEC9CB125EEF4E0002998B6 /* Project object */;
}
